{
  "name": "zerolocus62",
  "version": "1.1.0",
  "lockfileVersion": 3,
  "requires": true,
  "packages": {
    "": {
      "name": "zerolocus62",
      "version": "1.1.0",
      "license": "MIT",
      "dependencies": {
        "base62": "^2.0.2",
        "katex": "0.16.45",
        "lie-js": "github:HomogeneousTools/Lie.js#37ae612eedebc2f4a002252b670f2fc9d6a7119f",
        "marked": "17.0.6"
      },
      "devDependencies": {
        "prettier": "^3.4.2"
      },
      "engines": {
        "node": ">=20"
      }
    },
    "node_modules/base62": {
      "version": "2.0.2",
      "resolved": "https://registry.npmjs.org/base62/-/base62-2.0.2.tgz",
      "integrity": "sha512-FLoAQzMpmdDBei0u7fUAQzVCxoH6g4pueCIuGDoCZVZCiCeW4qTKpEGB79jkS15VB8b/5EIHc4R+WSKTByM+dw==",
      "funding": [
        "https://github.com/sponsors/andrew",
        "https://ko-fi.com/andrewnez",
        "https://polar.sh/andrew",
        "https://buymeacoffee.com/andrewnez"
      ],
      "license": "MIT",
      "engines": {
        "node": ">=6.0.0"
      }
    },
    "node_modules/commander": {
      "version": "8.3.0",
      "resolved": "https://registry.npmjs.org/commander/-/commander-8.3.0.tgz",
      "integrity": "sha512-OkTL9umf+He2DZkUq8f8J9of7yL6RJKI24dVITBmNfZBmri9zYZQrKkuXiKhyfPSu8tUhnVBB1iKXevvnlR4Ww==",
      "license": "MIT",
      "engines": {
        "node": ">= 12"
      }
    },
    "node_modules/katex": {
      "version": "0.16.45",
      "resolved": "https://registry.npmjs.org/katex/-/katex-0.16.45.tgz",
      "integrity": "sha512-pQpZbdBu7wCTmQUh7ufPmLr0pFoObnGUoL/yhtwJDgmmQpbkg/0HSVti25Fu4rmd1oCR6NGWe9vqTWuWv3GcNA==",
      "funding": [
        "https://opencollective.com/katex",
        "https://github.com/sponsors/katex"
      ],
      "license": "MIT",
      "dependencies": {
        "commander": "^8.3.0"
      },
      "bin": {
        "katex": "cli.js"
      }
    },
    "node_modules/lie-js": {
      "version": "0.1.0",
      "resolved": "git+ssh://git@github.com/HomogeneousTools/Lie.js.git#37ae612eedebc2f4a002252b670f2fc9d6a7119f",
      "integrity": "sha512-ASvdXxSEyUhCsBNFgWisVOmfSUIifwhEU1QjmygFSqEF5IpyQVimvfJinE9E4iIdoNRHn81NrBKuWH7f4vsVfg==",
      "license": "MIT"
    },
    "node_modules/marked": {
      "version": "17.0.6",
      "resolved": "https://registry.npmjs.org/marked/-/marked-17.0.6.tgz",
      "integrity": "sha512-gB0gkNafnonOw0obSTEGZTT86IuhILt2Wfx0mWH/1Au83kybTayroZ/V6nS25mN7u8ASy+5fMhgB3XPNrOZdmA==",
      "license": "MIT",
      "bin": {
        "marked": "bin/marked.js"
      },
      "engines": {
        "node": ">= 20"
      }
    },
    "node_modules/prettier": {
      "version": "3.8.1",
      "resolved": "https://registry.npmjs.org/prettier/-/prettier-3.8.1.tgz",
      "integrity": "sha512-UOnG6LftzbdaHZcKoPFtOcCKztrQ57WkHDeRD9t/PTQtmT0NHSeWWepj6pS0z/N7+08BHFDQVUrfmfMRcZwbMg==",
      "dev": true,
      "license": "MIT",
      "bin": {
        "prettier": "bin/prettier.cjs"
      },
      "engines": {
        "node": ">=14"
      },
      "funding": {
        "url": "https://github.com/prettier/prettier?sponsor=1"
      }
    }
  }
}
